<?xml version="1.0" encoding="utf-8"?>
<Project ToolsVersion="4.0" xmlns="http://schemas.microsoft.com/developer/msbuild/2003">
  <ItemGroup>
    <ClCompile Include="Game\Character\BaseCharacter.cpp" />
    <ClCompile Include="Game\Config\GameConfig.cpp" />
    <ClCompile Include="Game\Enemy\EnemyMotionState.cpp" />
    <ClCompile Include="Game\Enemy\EnemyUI.cpp" />
    <ClCompile Include="Game\LifeUI\LifeUI.cpp" />
    <ClCompile Include="Game\Manager\GameManager.cpp" />
    <ClCompile Include="Game\Manager\PlayerManager.cpp" />
    <ClCompile Include="Game\Player\Player.cpp" />
    <ClCompile Include="Game\Bullet\Bullet.cpp" />
    <ClCompile Include="Game\Bullet\BulletManager.cpp" />
    <ClCompile Include="Game\Enemy\Enemy.cpp" />
    <ClCompile Include="Game\Enemy\EnemyState.cpp" />
    <ClCompile Include="Game\Scene\DebugScene.cpp" />
    <ClCompile Include="Game\Scene\PlayScene.cpp" />
    <ClCompile Include="Game\Scene\SceneFactory.cpp" />
    <ClCompile Include="main.cpp" />
    <ClCompile Include="Network\NetworkManager.cpp" />
    <ClCompile Include="Game\Joycon\Joycon.cpp" />
    <ClCompile Include="Game\hidapi\hidManager.cpp" />
    <ClCompile Include="Game\DeviceIO\UltrasonicSensor\UltrasonicSensor.cpp" />
    <ClCompile Include="Game\Bullet\BulletCaveat.cpp" />
    <ClCompile Include="Game\Enemy\EnemyAttackTurnController.cpp" />
    <ClCompile Include="Game\Enemy\EnemyHand.cpp" />
    <ClCompile Include="Game\UI\UI.cpp" />
    <ClCompile Include="Game\Score\ScoreNumber.cpp" />
    <ClCompile Include="Game\DeviceIO\DistanceSensor\DistanceSensor.cpp" />
    <ClCompile Include="Game\DeviceIO\DistanceSensor\packet_io.cpp" />
    <ClCompile Include="Game\DeviceIO\DistanceSensor\vendor_serial.cpp" />
  </ItemGroup>
  <ItemGroup>
    <ClCompile Include="main.cpp">
      <Filter>ソース ファイル</Filter>
    </ClCompile>
    <ClCompile Include="Game\Scene\DebugScene.cpp">
      <Filter>ソース ファイル</Filter>
    </ClCompile>
    <ClCompile Include="Game\Character\BaseCharacter.cpp">
      <Filter>ソース ファイル</Filter>
    </ClCompile>
    <ClCompile Include="Game\Player\Player.cpp">
      <Filter>ソース ファイル</Filter>
    </ClCompile>
    <ClCompile Include="Game\Config\GameConfig.cpp">
      <Filter>ソース ファイル</Filter>
    </ClCompile>
    <ClCompile Include="Game\Manager\PlayerManager.cpp">
      <Filter>ソース ファイル</Filter>
    </ClCompile>
    <ClCompile Include="Game\Manager\GameManager.cpp">
      <Filter>ソース ファイル</Filter>
    </ClCompile>
    <ClCompile Include="Game\Scene\PlayScene.cpp">
      <Filter>ソース ファイル</Filter>
    </ClCompile>
    <ClCompile Include="Game\Scene\SceneFactory.cpp">
      <Filter>ソース ファイル</Filter>
    </ClCompile>
    <ClCompile Include="Network\NetworkManager.cpp">
      <Filter>ソース ファイル</Filter>
    </ClCompile>
    <ClCompile Include="Game\LifeUI\LifeUI.cpp">
      <Filter>ソース ファイル</Filter>
    </ClCompile>
    <ClCompile Include="Game\Enemy\Enemy.cpp">
      <Filter>ソース ファイル</Filter>
    </ClCompile>
    <ClCompile Include="Game\Bullet\Bullet.cpp">
      <Filter>ソース ファイル</Filter>
    </ClCompile>
    <ClCompile Include="Game\Bullet\BulletManager.cpp">
      <Filter>ソース ファイル</Filter>
    </ClCompile>
    <ClCompile Include="Game\Enemy\EnemyState.cpp">
      <Filter>ソース ファイル</Filter>
    </ClCompile>
    <ClCompile Include="Game\Enemy\EnemyUI.cpp">
      <Filter>ソース ファイル</Filter>
    </ClCompile>
    <ClCompile Include="Game\Enemy\EnemyMotionState.cpp">
      <Filter>ソース ファイル</Filter>
    </ClCompile>
  </ItemGroup>
  <ItemGroup>
    <ClInclude Include="Game\Character\BaseCharacter.h" />
    <ClInclude Include="Game\Config\GameConfig.h" />
    <ClInclude Include="Game\Enemy\EnemyMotionState.h" />
    <ClInclude Include="Game\Enemy\EnemyUI.h" />
    <ClInclude Include="Game\LifeUI\LifeUI.h" />
    <ClInclude Include="Game\Manager\GameManager.h" />
    <ClInclude Include="Game\Manager\PlayerManager.h" />
    <ClInclude Include="Game\Player\Player.h" />
    <ClInclude Include="Game\Bullet\Bullet.h" />
    <ClInclude Include="Game\Bullet\BulletManager.h" />
    <ClInclude Include="Game\Enemy\Enemy.h" />
    <ClInclude Include="Game\Enemy\EnemyState.h" />
    <ClInclude Include="Game\Scene\DebugScene.h" />
    <ClInclude Include="Game\Scene\PlayScene.h" />
    <ClInclude Include="Game\Scene\SceneFactory.h" />
    <ClInclude Include="Network\NetworkManager.h" />
    <ClInclude Include="Game\Joycon\Joycon.h" />
    <ClInclude Include="Game\hidapi\hidManager.h" />
    <ClInclude Include="Game\DeviceIO\UltrasonicSensor\UltrasonicSensor.h" />
    <ClInclude Include="Game\DeviceIO\serial\include\serial\serial.h" />
    <ClInclude Include="Game\Bullet\BulletCaveat.h" />
    <ClInclude Include="Game\Character\BaseCharacter.h" />
    <ClInclude Include="Game\Config\GameConfig.h" />
    <ClInclude Include="Game\Enemy\EnemyAttackTurnController.h" />
    <ClInclude Include="Game\Enemy\EnemyHand.h" />
    <ClInclude Include="Game\Enemy\EnemyMotionState.h" />
    <ClInclude Include="Game\Enemy\EnemyUI.h" />
    <ClInclude Include="Game\LifeUI\LifeUI.h" />
    <ClInclude Include="Game\Manager\GameManager.h" />
    <ClInclude Include="Game\Manager\PlayerManager.h" />
    <ClInclude Include="Game\Player\Player.h" />
    <ClInclude Include="Game\Bullet\Bullet.h" />
    <ClInclude Include="Game\Bullet\BulletManager.h" />
    <ClInclude Include="Game\Enemy\Enemy.h" />
    <ClInclude Include="Game\Enemy\EnemyState.h" />
    <ClInclude Include="Game\Scene\DebugScene.h" />
    <ClInclude Include="Game\Scene\PlayScene.h" />
    <ClInclude Include="Game\Scene\SceneFactory.h" />
    <ClInclude Include="Network\NetworkManager.h" />
    <ClInclude Include="Resources\icon\resource.h" />
    <ClInclude Include="Game\UI\UI.h" />
    <ClInclude Include="Game\Score\ScoreNumber.h" />
    <ClInclude Include="Game\DeviceIO\DistanceSensor\DistanceSensor.h" />
    <ClInclude Include="Game\DeviceIO\DistanceSensor\packet_io.h" />
    <ClInclude Include="vendor\serial\include\serial\serial.h" />
  </ItemGroup>
  <ItemGroup>
    <None Include=".editorconfig" />
    <None Include="Resources\shaders\Material3d.hlsli" />
  </ItemGroup>
  <ItemGroup>
    <ResourceCompile Include="MLEngineGames.rc" />
  </ItemGroup>
  <ItemGroup>
    <Image Include="Resources\icon\icon.ico" />
  </ItemGroup>
</Project>